
Microsoft Visual Studio Solution File, Format Version 12.00
# Visual Studio Version 17
VisualStudioVersion = 17.14.36109.1 d17.14
MinimumVisualStudioVersion = 10.0.40219.1
Project("{FAE04EC0-301F-11D3-BF4B-00C04F79EFBC}") = "LanguageLearningApp", "LanguageLearningApp.csproj", "{03998BEB-6C7C-42B0-AF96-B9DD520414CC}"
EndProject
Global
	GlobalSection(SolutionConfigurationPlatforms) = preSolution
		Debug|Any CPU = Debug|Any CPU
		Release|Any CPU = Release|Any CPU
	EndGlobalSection
	GlobalSection(ProjectConfigurationPlatforms) = postSolution
		{03998BEB-6C7C-42B0-AF96-B9DD520414CC}.Debug|Any CPU.ActiveCfg = Debug|Any CPU
		{03998BEB-6C7C-42B0-AF96-B9DD520414CC}.Debug|Any CPU.Build.0 = Debug|Any CPU
		{03998BEB-6C7C-42B0-AF96-B9DD520414CC}.Debug|Any CPU.Deploy.0 = Debug|Any CPU
		{03998BEB-6C7C-42B0-AF96-B9DD520414CC}.Release|Any CPU.ActiveCfg = Release|Any CPU
		{03998BEB-6C7C-42B0-AF96-B9DD520414CC}.Release|Any CPU.Build.0 = Release|Any CPU
		{03998BEB-6C7C-42B0-AF96-B9DD520414CC}.Release|Any CPU.Deploy.0 = Release|Any CPU
	EndGlobalSection
	GlobalSection(SolutionProperties) = preSolution
		HideSolutionNode = FALSE
	EndGlobalSection
	GlobalSection(ExtensibilityGlobals) = postSolution
		SolutionGuid = {66745013-0A89-44F2-A356-34B5A1F83905}
	EndGlobalSection
EndGlobal
